
Microsoft Visual Studio Solution File, Format Version 12.00
# Visual Studio Version 16
VisualStudioVersion = 16.0.31515.178
MinimumVisualStudioVersion = 10.0.40219.1
Project("{FAE04EC0-301F-11D3-BF4B-00C04F79EFBC}") = "AMQPTestSend2", "AMQPTestSend2\AMQPTestSend2.csproj", "{99FE584C-FC7D-446B-B126-CA21FCD55927}"
EndProject
Project("{FAE04EC0-301F-11D3-BF4B-00C04F79EFBC}") = "AMQPTestReceive", "AMQPTestReceive\AMQPTestReceive.csproj", "{C2238776-B420-4BFC-819C-82D33AAFCD44}"
EndProject
Global
	GlobalSection(SolutionConfigurationPlatforms) = preSolution
		Debug|Any CPU = Debug|Any CPU
		Release|Any CPU = Release|Any CPU
	EndGlobalSection
	GlobalSection(ProjectConfigurationPlatforms) = postSolution
		{99FE584C-FC7D-446B-B126-CA21FCD55927}.Debug|Any CPU.ActiveCfg = Debug|Any CPU
		{99FE584C-FC7D-446B-B126-CA21FCD55927}.Debug|Any CPU.Build.0 = Debug|Any CPU
		{99FE584C-FC7D-446B-B126-CA21FCD55927}.Release|Any CPU.ActiveCfg = Release|Any CPU
		{99FE584C-FC7D-446B-B126-CA21FCD55927}.Release|Any CPU.Build.0 = Release|Any CPU
		{C2238776-B420-4BFC-819C-82D33AAFCD44}.Debug|Any CPU.ActiveCfg = Debug|Any CPU
		{C2238776-B420-4BFC-819C-82D33AAFCD44}.Debug|Any CPU.Build.0 = Debug|Any CPU
		{C2238776-B420-4BFC-819C-82D33AAFCD44}.Release|Any CPU.ActiveCfg = Release|Any CPU
		{C2238776-B420-4BFC-819C-82D33AAFCD44}.Release|Any CPU.Build.0 = Release|Any CPU
	EndGlobalSection
	GlobalSection(SolutionProperties) = preSolution
		HideSolutionNode = FALSE
	EndGlobalSection
	GlobalSection(ExtensibilityGlobals) = postSolution
		SolutionGuid = {834EBC9E-B78B-410F-AD30-88A694AD2CE6}
	EndGlobalSection
EndGlobal
